
Microsoft Visual Studio Solution File, Format Version 12.00
# Visual Studio Version 16
VisualStudioVersion = 16.0.30907.101
MinimumVisualStudioVersion = 10.0.40219.1
Project("{888888A0-9F3D-457C-B088-3A5042F75D52}") = "django_todo_react", "django_todo_react.pyproj", "{40572E28-B2A4-4D4E-9A0A-6A233183AB0D}"
EndProject
Global
	GlobalSection(SolutionConfigurationPlatforms) = preSolution
		Debug|Any CPU = Debug|Any CPU
		Release|Any CPU = Release|Any CPU
	EndGlobalSection
	GlobalSection(ProjectConfigurationPlatforms) = postSolution
		{40572E28-B2A4-4D4E-9A0A-6A233183AB0D}.Debug|Any CPU.ActiveCfg = Debug|Any CPU
		{40572E28-B2A4-4D4E-9A0A-6A233183AB0D}.Debug|Any CPU.Build.0 = Debug|Any CPU
		{40572E28-B2A4-4D4E-9A0A-6A233183AB0D}.Release|Any CPU.ActiveCfg = Release|Any CPU
		{40572E28-B2A4-4D4E-9A0A-6A233183AB0D}.Release|Any CPU.Build.0 = Release|Any CPU
	EndGlobalSection
	GlobalSection(SolutionProperties) = preSolution
		HideSolutionNode = FALSE
	EndGlobalSection
	GlobalSection(ExtensibilityGlobals) = postSolution
		SolutionGuid = {60C200C0-F228-4CD1-8B86-59709F1490CA}
	EndGlobalSection
EndGlobal
